
Microsoft Visual Studio Solution File, Format Version 12.00
# Visual Studio for Mac
Project("{FAE04EC0-301F-11D3-BF4B-00C04F79EFBC}") = "Assembly-CSharp", "Assembly-CSharp.csproj", "{13ED4F77-B750-ADDC-F4DA-FB374A3A7804}"
EndProject
Project("{FAE04EC0-301F-11D3-BF4B-00C04F79EFBC}") = "Assembly-CSharp-Editor", "Assembly-CSharp-Editor.csproj", "{BEBDE834-4F3E-03B0-723C-C733F2D059E3}"
EndProject
Global
	GlobalSection(SolutionConfigurationPlatforms) = preSolution
		Debug|Any CPU = Debug|Any CPU
		Release|Any CPU = Release|Any CPU
	EndGlobalSection
	GlobalSection(ProjectConfigurationPlatforms) = postSolution
		{13ED4F77-B750-ADDC-F4DA-FB374A3A7804}.Debug|Any CPU.ActiveCfg = Debug|Any CPU
		{13ED4F77-B750-ADDC-F4DA-FB374A3A7804}.Debug|Any CPU.Build.0 = Debug|Any CPU
		{13ED4F77-B750-ADDC-F4DA-FB374A3A7804}.Release|Any CPU.ActiveCfg = Release|Any CPU
		{13ED4F77-B750-ADDC-F4DA-FB374A3A7804}.Release|Any CPU.Build.0 = Release|Any CPU
		{BEBDE834-4F3E-03B0-723C-C733F2D059E3}.Debug|Any CPU.ActiveCfg = Debug|Any CPU
		{BEBDE834-4F3E-03B0-723C-C733F2D059E3}.Debug|Any CPU.Build.0 = Debug|Any CPU
		{BEBDE834-4F3E-03B0-723C-C733F2D059E3}.Release|Any CPU.ActiveCfg = Release|Any CPU
		{BEBDE834-4F3E-03B0-723C-C733F2D059E3}.Release|Any CPU.Build.0 = Release|Any CPU
	EndGlobalSection
	GlobalSection(SolutionProperties) = preSolution
		HideSolutionNode = FALSE
	EndGlobalSection
EndGlobal
