
Microsoft Visual Studio Solution File, Format Version 12.00
# Visual Studio 15
Project("{FAE04EC0-301F-11D3-BF4B-00C04F79EFBC}") = "Assembly-CSharp", "Assembly-CSharp.csproj", "{AF825FC0-4F49-AB15-45C3-2D01C2B5605F}"
EndProject
Project("{FAE04EC0-301F-11D3-BF4B-00C04F79EFBC}") = "Assembly-CSharp-firstpass", "Assembly-CSharp-firstpass.csproj", "{B37E2C02-634A-C91C-D0D6-CF21DAC34744}"
EndProject
Project("{FAE04EC0-301F-11D3-BF4B-00C04F79EFBC}") = "Assembly-CSharp-Editor-firstpass", "Assembly-CSharp-Editor-firstpass.csproj", "{6A821C26-D256-56AC-D3EC-DA108C258182}"
EndProject
Project("{FAE04EC0-301F-11D3-BF4B-00C04F79EFBC}") = "Assembly-CSharp-Editor", "Assembly-CSharp-Editor.csproj", "{D9141624-3E74-3284-B992-C20A99CD9B2F}"
EndProject
Global
	GlobalSection(SolutionConfigurationPlatforms) = preSolution
		Debug|Any CPU = Debug|Any CPU
		Release|Any CPU = Release|Any CPU
	EndGlobalSection
	GlobalSection(ProjectConfigurationPlatforms) = postSolution
		{AF825FC0-4F49-AB15-45C3-2D01C2B5605F}.Debug|Any CPU.ActiveCfg = Debug|Any CPU
		{AF825FC0-4F49-AB15-45C3-2D01C2B5605F}.Debug|Any CPU.Build.0 = Debug|Any CPU
		{AF825FC0-4F49-AB15-45C3-2D01C2B5605F}.Release|Any CPU.ActiveCfg = Release|Any CPU
		{AF825FC0-4F49-AB15-45C3-2D01C2B5605F}.Release|Any CPU.Build.0 = Release|Any CPU
		{B37E2C02-634A-C91C-D0D6-CF21DAC34744}.Debug|Any CPU.ActiveCfg = Debug|Any CPU
		{B37E2C02-634A-C91C-D0D6-CF21DAC34744}.Debug|Any CPU.Build.0 = Debug|Any CPU
		{B37E2C02-634A-C91C-D0D6-CF21DAC34744}.Release|Any CPU.ActiveCfg = Release|Any CPU
		{B37E2C02-634A-C91C-D0D6-CF21DAC34744}.Release|Any CPU.Build.0 = Release|Any CPU
		{6A821C26-D256-56AC-D3EC-DA108C258182}.Debug|Any CPU.ActiveCfg = Debug|Any CPU
		{6A821C26-D256-56AC-D3EC-DA108C258182}.Debug|Any CPU.Build.0 = Debug|Any CPU
		{6A821C26-D256-56AC-D3EC-DA108C258182}.Release|Any CPU.ActiveCfg = Release|Any CPU
		{6A821C26-D256-56AC-D3EC-DA108C258182}.Release|Any CPU.Build.0 = Release|Any CPU
		{D9141624-3E74-3284-B992-C20A99CD9B2F}.Debug|Any CPU.ActiveCfg = Debug|Any CPU
		{D9141624-3E74-3284-B992-C20A99CD9B2F}.Debug|Any CPU.Build.0 = Debug|Any CPU
		{D9141624-3E74-3284-B992-C20A99CD9B2F}.Release|Any CPU.ActiveCfg = Release|Any CPU
		{D9141624-3E74-3284-B992-C20A99CD9B2F}.Release|Any CPU.Build.0 = Release|Any CPU
	EndGlobalSection
	GlobalSection(SolutionProperties) = preSolution
		HideSolutionNode = FALSE
	EndGlobalSection
EndGlobal
