
Microsoft Visual Studio Solution File, Format Version 12.00
# Visual Studio for Mac
Project("{FAE04EC0-301F-11D3-BF4B-00C04F79EFBC}") = "Assembly-CSharp", "Assembly-CSharp.csproj", "{828AB27F-0E71-9B1E-DBB2-0212AB7E789A}"
EndProject
Project("{FAE04EC0-301F-11D3-BF4B-00C04F79EFBC}") = "Assembly-CSharp-Editor", "Assembly-CSharp-Editor.csproj", "{B37FF2C6-5C75-66FC-BC88-E580A174E796}"
EndProject
Global
	GlobalSection(SolutionConfigurationPlatforms) = preSolution
		Debug|Any CPU = Debug|Any CPU
		Release|Any CPU = Release|Any CPU
	EndGlobalSection
	GlobalSection(ProjectConfigurationPlatforms) = postSolution
		{828AB27F-0E71-9B1E-DBB2-0212AB7E789A}.Debug|Any CPU.ActiveCfg = Debug|Any CPU
		{828AB27F-0E71-9B1E-DBB2-0212AB7E789A}.Debug|Any CPU.Build.0 = Debug|Any CPU
		{828AB27F-0E71-9B1E-DBB2-0212AB7E789A}.Release|Any CPU.ActiveCfg = Release|Any CPU
		{828AB27F-0E71-9B1E-DBB2-0212AB7E789A}.Release|Any CPU.Build.0 = Release|Any CPU
		{B37FF2C6-5C75-66FC-BC88-E580A174E796}.Debug|Any CPU.ActiveCfg = Debug|Any CPU
		{B37FF2C6-5C75-66FC-BC88-E580A174E796}.Debug|Any CPU.Build.0 = Debug|Any CPU
		{B37FF2C6-5C75-66FC-BC88-E580A174E796}.Release|Any CPU.ActiveCfg = Release|Any CPU
		{B37FF2C6-5C75-66FC-BC88-E580A174E796}.Release|Any CPU.Build.0 = Release|Any CPU
	EndGlobalSection
	GlobalSection(SolutionProperties) = preSolution
		HideSolutionNode = FALSE
	EndGlobalSection
EndGlobal
