
Microsoft Visual Studio Solution File, Format Version 12.00
# Visual Studio for Mac
Project("{FAE04EC0-301F-11D3-BF4B-00C04F79EFBC}") = "Assembly-CSharp", "Assembly-CSharp.csproj", "{AEAF3468-C475-6EC8-57DF-D53F8A581535}"
EndProject
Project("{FAE04EC0-301F-11D3-BF4B-00C04F79EFBC}") = "Assembly-CSharp-Editor", "Assembly-CSharp-Editor.csproj", "{ADF4FEE6-E955-7D82-4296-6B9156C30E39}"
EndProject
Global
	GlobalSection(SolutionConfigurationPlatforms) = preSolution
		Debug|Any CPU = Debug|Any CPU
		Release|Any CPU = Release|Any CPU
	EndGlobalSection
	GlobalSection(ProjectConfigurationPlatforms) = postSolution
		{AEAF3468-C475-6EC8-57DF-D53F8A581535}.Debug|Any CPU.ActiveCfg = Debug|Any CPU
		{AEAF3468-C475-6EC8-57DF-D53F8A581535}.Debug|Any CPU.Build.0 = Debug|Any CPU
		{AEAF3468-C475-6EC8-57DF-D53F8A581535}.Release|Any CPU.ActiveCfg = Release|Any CPU
		{AEAF3468-C475-6EC8-57DF-D53F8A581535}.Release|Any CPU.Build.0 = Release|Any CPU
		{ADF4FEE6-E955-7D82-4296-6B9156C30E39}.Debug|Any CPU.ActiveCfg = Debug|Any CPU
		{ADF4FEE6-E955-7D82-4296-6B9156C30E39}.Debug|Any CPU.Build.0 = Debug|Any CPU
		{ADF4FEE6-E955-7D82-4296-6B9156C30E39}.Release|Any CPU.ActiveCfg = Release|Any CPU
		{ADF4FEE6-E955-7D82-4296-6B9156C30E39}.Release|Any CPU.Build.0 = Release|Any CPU
	EndGlobalSection
	GlobalSection(SolutionProperties) = preSolution
		HideSolutionNode = FALSE
	EndGlobalSection
EndGlobal
